
Microsoft Visual Studio Solution File, Format Version 12.00
# Visual Studio Version 16
VisualStudioVersion = 16.0.28803.452
MinimumVisualStudioVersion = 10.0.40219.1
Project("{FAE04EC0-301F-11D3-BF4B-00C04F79EFBC}") = "VoidDays", "VoidDays\VoidDays.csproj", "{1D214680-F067-45C0-9997-CF8AA70BEC3C}"
EndProject
Project("{FAE04EC0-301F-11D3-BF4B-00C04F79EFBC}") = "VoidDays.Contracts", "VoidDays.Contracts\VoidDays.Contracts.csproj", "{85450958-4CDF-4F05-9AE6-F0204EECD2BC}"
EndProject
Project("{FAE04EC0-301F-11D3-BF4B-00C04F79EFBC}") = "VoidDays.Services", "VoidDays.Services\VoidDays.Services.csproj", "{3F6C0008-DE2A-48D2-820C-8F4ADED15B5A}"
EndProject
Project("{FAE04EC0-301F-11D3-BF4B-00C04F79EFBC}") = "VoidDays.DAL", "VoidDays.DAL\VoidDays.DAL.csproj", "{CB1B00A4-4C07-49B8-AE0D-07DC984F87EB}"
EndProject
Project("{FAE04EC0-301F-11D3-BF4B-00C04F79EFBC}") = "VoidDays.ClientProxies", "VoidDays.ClientProxies\VoidDays.ClientProxies.csproj", "{4E2A10D2-1E46-4D5D-9858-1D3AEB6AFE74}"
EndProject
Project("{FAE04EC0-301F-11D3-BF4B-00C04F79EFBC}") = "VoidDays.Host", "VoidDays.Host\VoidDays.Host.csproj", "{3E3C39A5-5DAF-4C08-8F38-6B175185C495}"
EndProject
Project("{FAE04EC0-301F-11D3-BF4B-00C04F79EFBC}") = "Mobile.Android", "Mobile\Mobile.Android\Mobile.Android.csproj", "{AA8C0FA8-6626-4159-AF9B-F48E85E81F0E}"
EndProject
Project("{FAE04EC0-301F-11D3-BF4B-00C04F79EFBC}") = "Mobile.iOS", "Mobile\Mobile.iOS\Mobile.iOS.csproj", "{5D123390-7F0F-472D-9A8D-C5A3A1243E33}"
EndProject
Project("{9A19103F-16F7-4668-BE54-9A1E7A4F7556}") = "Mobile", "Mobile\Mobile\Mobile.csproj", "{FD006F27-5CA5-482C-9571-98B75DE5E606}"
EndProject
Project("{FAE04EC0-301F-11D3-BF4B-00C04F79EFBC}") = "VoidDays.Core", "VoidDays.Core\VoidDays.Core.csproj", "{E5D75B3C-97E6-431F-A863-9244132E0F60}"
EndProject
Project("{FAE04EC0-301F-11D3-BF4B-00C04F79EFBC}") = "TestMobile.Android", "TestMobile\TestMobile.Android\TestMobile.Android.csproj", "{2B139C52-DFDB-4F5B-BE46-F9DA8DD3A5F7}"
EndProject
Project("{FAE04EC0-301F-11D3-BF4B-00C04F79EFBC}") = "TestMobile.iOS", "TestMobile\TestMobile.iOS\TestMobile.iOS.csproj", "{8486E7AF-0383-4D08-9DBF-9B8B75A9045C}"
EndProject
Project("{FAE04EC0-301F-11D3-BF4B-00C04F79EFBC}") = "TestMobile", "TestMobile\TestMobile\TestMobile.csproj", "{0AD4861F-2750-4FF0-96E4-9BF5CCAB1C1C}"
EndProject
Global
	GlobalSection(SolutionConfigurationPlatforms) = preSolution
		Debug|Any CPU = Debug|Any CPU
		Debug|iPhone = Debug|iPhone
		Debug|iPhoneSimulator = Debug|iPhoneSimulator
		Debug|x64 = Debug|x64
		MobileHost|Any CPU = MobileHost|Any CPU
		MobileHost|iPhone = MobileHost|iPhone
		MobileHost|iPhoneSimulator = MobileHost|iPhoneSimulator
		MobileHost|x64 = MobileHost|x64
		Release|Any CPU = Release|Any CPU
		Release|iPhone = Release|iPhone
		Release|iPhoneSimulator = Release|iPhoneSimulator
		Release|x64 = Release|x64
	EndGlobalSection
	GlobalSection(ProjectConfigurationPlatforms) = postSolution
		{1D214680-F067-45C0-9997-CF8AA70BEC3C}.Debug|Any CPU.ActiveCfg = Debug|Any CPU
		{1D214680-F067-45C0-9997-CF8AA70BEC3C}.Debug|Any CPU.Build.0 = Debug|Any CPU
		{1D214680-F067-45C0-9997-CF8AA70BEC3C}.Debug|iPhone.ActiveCfg = Debug|Any CPU
		{1D214680-F067-45C0-9997-CF8AA70BEC3C}.Debug|iPhone.Build.0 = Debug|Any CPU
		{1D214680-F067-45C0-9997-CF8AA70BEC3C}.Debug|iPhoneSimulator.ActiveCfg = Debug|Any CPU
		{1D214680-F067-45C0-9997-CF8AA70BEC3C}.Debug|iPhoneSimulator.Build.0 = Debug|Any CPU
		{1D214680-F067-45C0-9997-CF8AA70BEC3C}.Debug|x64.ActiveCfg = Debug|x64
		{1D214680-F067-45C0-9997-CF8AA70BEC3C}.Debug|x64.Build.0 = Debug|x64
		{1D214680-F067-45C0-9997-CF8AA70BEC3C}.MobileHost|Any CPU.ActiveCfg = MobileHost|Any CPU
		{1D214680-F067-45C0-9997-CF8AA70BEC3C}.MobileHost|Any CPU.Build.0 = MobileHost|Any CPU
		{1D214680-F067-45C0-9997-CF8AA70BEC3C}.MobileHost|iPhone.ActiveCfg = MobileHost|Any CPU
		{1D214680-F067-45C0-9997-CF8AA70BEC3C}.MobileHost|iPhone.Build.0 = MobileHost|Any CPU
		{1D214680-F067-45C0-9997-CF8AA70BEC3C}.MobileHost|iPhoneSimulator.ActiveCfg = MobileHost|Any CPU
		{1D214680-F067-45C0-9997-CF8AA70BEC3C}.MobileHost|iPhoneSimulator.Build.0 = MobileHost|Any CPU
		{1D214680-F067-45C0-9997-CF8AA70BEC3C}.MobileHost|x64.ActiveCfg = MobileHost|x64
		{1D214680-F067-45C0-9997-CF8AA70BEC3C}.MobileHost|x64.Build.0 = MobileHost|x64
		{1D214680-F067-45C0-9997-CF8AA70BEC3C}.Release|Any CPU.ActiveCfg = Release|Any CPU
		{1D214680-F067-45C0-9997-CF8AA70BEC3C}.Release|Any CPU.Build.0 = Release|Any CPU
		{1D214680-F067-45C0-9997-CF8AA70BEC3C}.Release|iPhone.ActiveCfg = Release|Any CPU
		{1D214680-F067-45C0-9997-CF8AA70BEC3C}.Release|iPhone.Build.0 = Release|Any CPU
		{1D214680-F067-45C0-9997-CF8AA70BEC3C}.Release|iPhoneSimulator.ActiveCfg = Release|Any CPU
		{1D214680-F067-45C0-9997-CF8AA70BEC3C}.Release|iPhoneSimulator.Build.0 = Release|Any CPU
		{1D214680-F067-45C0-9997-CF8AA70BEC3C}.Release|x64.ActiveCfg = Release|x64
		{1D214680-F067-45C0-9997-CF8AA70BEC3C}.Release|x64.Build.0 = Release|x64
		{85450958-4CDF-4F05-9AE6-F0204EECD2BC}.Debug|Any CPU.ActiveCfg = Debug|Any CPU
		{85450958-4CDF-4F05-9AE6-F0204EECD2BC}.Debug|Any CPU.Build.0 = Debug|Any CPU
		{85450958-4CDF-4F05-9AE6-F0204EECD2BC}.Debug|iPhone.ActiveCfg = Debug|Any CPU
		{85450958-4CDF-4F05-9AE6-F0204EECD2BC}.Debug|iPhone.Build.0 = Debug|Any CPU
		{85450958-4CDF-4F05-9AE6-F0204EECD2BC}.Debug|iPhoneSimulator.ActiveCfg = Debug|Any CPU
		{85450958-4CDF-4F05-9AE6-F0204EECD2BC}.Debug|iPhoneSimulator.Build.0 = Debug|Any CPU
		{85450958-4CDF-4F05-9AE6-F0204EECD2BC}.Debug|x64.ActiveCfg = Debug|Any CPU
		{85450958-4CDF-4F05-9AE6-F0204EECD2BC}.Debug|x64.Build.0 = Debug|Any CPU
		{85450958-4CDF-4F05-9AE6-F0204EECD2BC}.MobileHost|Any CPU.ActiveCfg = MobileHost|Any CPU
		{85450958-4CDF-4F05-9AE6-F0204EECD2BC}.MobileHost|Any CPU.Build.0 = MobileHost|Any CPU
		{85450958-4CDF-4F05-9AE6-F0204EECD2BC}.MobileHost|iPhone.ActiveCfg = MobileHost|Any CPU
		{85450958-4CDF-4F05-9AE6-F0204EECD2BC}.MobileHost|iPhone.Build.0 = MobileHost|Any CPU
		{85450958-4CDF-4F05-9AE6-F0204EECD2BC}.MobileHost|iPhoneSimulator.ActiveCfg = MobileHost|Any CPU
		{85450958-4CDF-4F05-9AE6-F0204EECD2BC}.MobileHost|iPhoneSimulator.Build.0 = MobileHost|Any CPU
		{85450958-4CDF-4F05-9AE6-F0204EECD2BC}.MobileHost|x64.ActiveCfg = MobileHost|Any CPU
		{85450958-4CDF-4F05-9AE6-F0204EECD2BC}.MobileHost|x64.Build.0 = MobileHost|Any CPU
		{85450958-4CDF-4F05-9AE6-F0204EECD2BC}.Release|Any CPU.ActiveCfg = Release|Any CPU
		{85450958-4CDF-4F05-9AE6-F0204EECD2BC}.Release|Any CPU.Build.0 = Release|Any CPU
		{85450958-4CDF-4F05-9AE6-F0204EECD2BC}.Release|iPhone.ActiveCfg = Release|Any CPU
		{85450958-4CDF-4F05-9AE6-F0204EECD2BC}.Release|iPhone.Build.0 = Release|Any CPU
		{85450958-4CDF-4F05-9AE6-F0204EECD2BC}.Release|iPhoneSimulator.ActiveCfg = Release|Any CPU
		{85450958-4CDF-4F05-9AE6-F0204EECD2BC}.Release|iPhoneSimulator.Build.0 = Release|Any CPU
		{85450958-4CDF-4F05-9AE6-F0204EECD2BC}.Release|x64.ActiveCfg = Release|Any CPU
		{85450958-4CDF-4F05-9AE6-F0204EECD2BC}.Release|x64.Build.0 = Release|Any CPU
		{3F6C0008-DE2A-48D2-820C-8F4ADED15B5A}.Debug|Any CPU.ActiveCfg = Debug|Any CPU
		{3F6C0008-DE2A-48D2-820C-8F4ADED15B5A}.Debug|Any CPU.Build.0 = Debug|Any CPU
		{3F6C0008-DE2A-48D2-820C-8F4ADED15B5A}.Debug|iPhone.ActiveCfg = Debug|Any CPU
		{3F6C0008-DE2A-48D2-820C-8F4ADED15B5A}.Debug|iPhone.Build.0 = Debug|Any CPU
		{3F6C0008-DE2A-48D2-820C-8F4ADED15B5A}.Debug|iPhoneSimulator.ActiveCfg = Debug|Any CPU
		{3F6C0008-DE2A-48D2-820C-8F4ADED15B5A}.Debug|iPhoneSimulator.Build.0 = Debug|Any CPU
		{3F6C0008-DE2A-48D2-820C-8F4ADED15B5A}.Debug|x64.ActiveCfg = Debug|Any CPU
		{3F6C0008-DE2A-48D2-820C-8F4ADED15B5A}.Debug|x64.Build.0 = Debug|Any CPU
		{3F6C0008-DE2A-48D2-820C-8F4ADED15B5A}.MobileHost|Any CPU.ActiveCfg = MobileHost|Any CPU
		{3F6C0008-DE2A-48D2-820C-8F4ADED15B5A}.MobileHost|Any CPU.Build.0 = MobileHost|Any CPU
		{3F6C0008-DE2A-48D2-820C-8F4ADED15B5A}.MobileHost|iPhone.ActiveCfg = MobileHost|Any CPU
		{3F6C0008-DE2A-48D2-820C-8F4ADED15B5A}.MobileHost|iPhone.Build.0 = MobileHost|Any CPU
		{3F6C0008-DE2A-48D2-820C-8F4ADED15B5A}.MobileHost|iPhoneSimulator.ActiveCfg = MobileHost|Any CPU
		{3F6C0008-DE2A-48D2-820C-8F4ADED15B5A}.MobileHost|iPhoneSimulator.Build.0 = MobileHost|Any CPU
		{3F6C0008-DE2A-48D2-820C-8F4ADED15B5A}.MobileHost|x64.ActiveCfg = MobileHost|Any CPU
		{3F6C0008-DE2A-48D2-820C-8F4ADED15B5A}.MobileHost|x64.Build.0 = MobileHost|Any CPU
		{3F6C0008-DE2A-48D2-820C-8F4ADED15B5A}.Release|Any CPU.ActiveCfg = Release|Any CPU
		{3F6C0008-DE2A-48D2-820C-8F4ADED15B5A}.Release|Any CPU.Build.0 = Release|Any CPU
		{3F6C0008-DE2A-48D2-820C-8F4ADED15B5A}.Release|iPhone.ActiveCfg = Release|Any CPU
		{3F6C0008-DE2A-48D2-820C-8F4ADED15B5A}.Release|iPhone.Build.0 = Release|Any CPU
		{3F6C0008-DE2A-48D2-820C-8F4ADED15B5A}.Release|iPhoneSimulator.ActiveCfg = Release|Any CPU
		{3F6C0008-DE2A-48D2-820C-8F4ADED15B5A}.Release|iPhoneSimulator.Build.0 = Release|Any CPU
		{3F6C0008-DE2A-48D2-820C-8F4ADED15B5A}.Release|x64.ActiveCfg = Release|Any CPU
		{3F6C0008-DE2A-48D2-820C-8F4ADED15B5A}.Release|x64.Build.0 = Release|Any CPU
		{CB1B00A4-4C07-49B8-AE0D-07DC984F87EB}.Debug|Any CPU.ActiveCfg = Debug|Any CPU
		{CB1B00A4-4C07-49B8-AE0D-07DC984F87EB}.Debug|Any CPU.Build.0 = Debug|Any CPU
		{CB1B00A4-4C07-49B8-AE0D-07DC984F87EB}.Debug|iPhone.ActiveCfg = Debug|Any CPU
		{CB1B00A4-4C07-49B8-AE0D-07DC984F87EB}.Debug|iPhone.Build.0 = Debug|Any CPU
		{CB1B00A4-4C07-49B8-AE0D-07DC984F87EB}.Debug|iPhoneSimulator.ActiveCfg = Debug|Any CPU
		{CB1B00A4-4C07-49B8-AE0D-07DC984F87EB}.Debug|iPhoneSimulator.Build.0 = Debug|Any CPU
		{CB1B00A4-4C07-49B8-AE0D-07DC984F87EB}.Debug|x64.ActiveCfg = Debug|Any CPU
		{CB1B00A4-4C07-49B8-AE0D-07DC984F87EB}.Debug|x64.Build.0 = Debug|Any CPU
		{CB1B00A4-4C07-49B8-AE0D-07DC984F87EB}.MobileHost|Any CPU.ActiveCfg = MobileHost|Any CPU
		{CB1B00A4-4C07-49B8-AE0D-07DC984F87EB}.MobileHost|Any CPU.Build.0 = MobileHost|Any CPU
		{CB1B00A4-4C07-49B8-AE0D-07DC984F87EB}.MobileHost|iPhone.ActiveCfg = MobileHost|Any CPU
		{CB1B00A4-4C07-49B8-AE0D-07DC984F87EB}.MobileHost|iPhone.Build.0 = MobileHost|Any CPU
		{CB1B00A4-4C07-49B8-AE0D-07DC984F87EB}.MobileHost|iPhoneSimulator.ActiveCfg = MobileHost|Any CPU
		{CB1B00A4-4C07-49B8-AE0D-07DC984F87EB}.MobileHost|iPhoneSimulator.Build.0 = MobileHost|Any CPU
		{CB1B00A4-4C07-49B8-AE0D-07DC984F87EB}.MobileHost|x64.ActiveCfg = MobileHost|Any CPU
		{CB1B00A4-4C07-49B8-AE0D-07DC984F87EB}.MobileHost|x64.Build.0 = MobileHost|Any CPU
		{CB1B00A4-4C07-49B8-AE0D-07DC984F87EB}.Release|Any CPU.ActiveCfg = Release|Any CPU
		{CB1B00A4-4C07-49B8-AE0D-07DC984F87EB}.Release|Any CPU.Build.0 = Release|Any CPU
		{CB1B00A4-4C07-49B8-AE0D-07DC984F87EB}.Release|iPhone.ActiveCfg = Release|Any CPU
		{CB1B00A4-4C07-49B8-AE0D-07DC984F87EB}.Release|iPhone.Build.0 = Release|Any CPU
		{CB1B00A4-4C07-49B8-AE0D-07DC984F87EB}.Release|iPhoneSimulator.ActiveCfg = Release|Any CPU
		{CB1B00A4-4C07-49B8-AE0D-07DC984F87EB}.Release|iPhoneSimulator.Build.0 = Release|Any CPU
		{CB1B00A4-4C07-49B8-AE0D-07DC984F87EB}.Release|x64.ActiveCfg = Release|Any CPU
		{CB1B00A4-4C07-49B8-AE0D-07DC984F87EB}.Release|x64.Build.0 = Release|Any CPU
		{4E2A10D2-1E46-4D5D-9858-1D3AEB6AFE74}.Debug|Any CPU.ActiveCfg = Debug|Any CPU
		{4E2A10D2-1E46-4D5D-9858-1D3AEB6AFE74}.Debug|Any CPU.Build.0 = Debug|Any CPU
		{4E2A10D2-1E46-4D5D-9858-1D3AEB6AFE74}.Debug|iPhone.ActiveCfg = Debug|Any CPU
		{4E2A10D2-1E46-4D5D-9858-1D3AEB6AFE74}.Debug|iPhone.Build.0 = Debug|Any CPU
		{4E2A10D2-1E46-4D5D-9858-1D3AEB6AFE74}.Debug|iPhoneSimulator.ActiveCfg = Debug|Any CPU
		{4E2A10D2-1E46-4D5D-9858-1D3AEB6AFE74}.Debug|iPhoneSimulator.Build.0 = Debug|Any CPU
		{4E2A10D2-1E46-4D5D-9858-1D3AEB6AFE74}.Debug|x64.ActiveCfg = Debug|Any CPU
		{4E2A10D2-1E46-4D5D-9858-1D3AEB6AFE74}.Debug|x64.Build.0 = Debug|Any CPU
		{4E2A10D2-1E46-4D5D-9858-1D3AEB6AFE74}.MobileHost|Any CPU.ActiveCfg = MobileHost|Any CPU
		{4E2A10D2-1E46-4D5D-9858-1D3AEB6AFE74}.MobileHost|Any CPU.Build.0 = MobileHost|Any CPU
		{4E2A10D2-1E46-4D5D-9858-1D3AEB6AFE74}.MobileHost|iPhone.ActiveCfg = MobileHost|Any CPU
		{4E2A10D2-1E46-4D5D-9858-1D3AEB6AFE74}.MobileHost|iPhone.Build.0 = MobileHost|Any CPU
		{4E2A10D2-1E46-4D5D-9858-1D3AEB6AFE74}.MobileHost|iPhoneSimulator.ActiveCfg = MobileHost|Any CPU
		{4E2A10D2-1E46-4D5D-9858-1D3AEB6AFE74}.MobileHost|iPhoneSimulator.Build.0 = MobileHost|Any CPU
		{4E2A10D2-1E46-4D5D-9858-1D3AEB6AFE74}.MobileHost|x64.ActiveCfg = MobileHost|Any CPU
		{4E2A10D2-1E46-4D5D-9858-1D3AEB6AFE74}.MobileHost|x64.Build.0 = MobileHost|Any CPU
		{4E2A10D2-1E46-4D5D-9858-1D3AEB6AFE74}.Release|Any CPU.ActiveCfg = Release|Any CPU
		{4E2A10D2-1E46-4D5D-9858-1D3AEB6AFE74}.Release|Any CPU.Build.0 = Release|Any CPU
		{4E2A10D2-1E46-4D5D-9858-1D3AEB6AFE74}.Release|iPhone.ActiveCfg = Release|Any CPU
		{4E2A10D2-1E46-4D5D-9858-1D3AEB6AFE74}.Release|iPhone.Build.0 = Release|Any CPU
		{4E2A10D2-1E46-4D5D-9858-1D3AEB6AFE74}.Release|iPhoneSimulator.ActiveCfg = Release|Any CPU
		{4E2A10D2-1E46-4D5D-9858-1D3AEB6AFE74}.Release|iPhoneSimulator.Build.0 = Release|Any CPU
		{4E2A10D2-1E46-4D5D-9858-1D3AEB6AFE74}.Release|x64.ActiveCfg = Release|Any CPU
		{4E2A10D2-1E46-4D5D-9858-1D3AEB6AFE74}.Release|x64.Build.0 = Release|Any CPU
		{3E3C39A5-5DAF-4C08-8F38-6B175185C495}.Debug|Any CPU.ActiveCfg = Debug|Any CPU
		{3E3C39A5-5DAF-4C08-8F38-6B175185C495}.Debug|Any CPU.Build.0 = Debug|Any CPU
		{3E3C39A5-5DAF-4C08-8F38-6B175185C495}.Debug|iPhone.ActiveCfg = Debug|Any CPU
		{3E3C39A5-5DAF-4C08-8F38-6B175185C495}.Debug|iPhone.Build.0 = Debug|Any CPU
		{3E3C39A5-5DAF-4C08-8F38-6B175185C495}.Debug|iPhoneSimulator.ActiveCfg = Debug|Any CPU
		{3E3C39A5-5DAF-4C08-8F38-6B175185C495}.Debug|iPhoneSimulator.Build.0 = Debug|Any CPU
		{3E3C39A5-5DAF-4C08-8F38-6B175185C495}.Debug|x64.ActiveCfg = Debug|Any CPU
		{3E3C39A5-5DAF-4C08-8F38-6B175185C495}.Debug|x64.Build.0 = Debug|Any CPU
		{3E3C39A5-5DAF-4C08-8F38-6B175185C495}.MobileHost|Any CPU.ActiveCfg = MobileHost|Any CPU
		{3E3C39A5-5DAF-4C08-8F38-6B175185C495}.MobileHost|Any CPU.Build.0 = MobileHost|Any CPU
		{3E3C39A5-5DAF-4C08-8F38-6B175185C495}.MobileHost|iPhone.ActiveCfg = MobileHost|Any CPU
		{3E3C39A5-5DAF-4C08-8F38-6B175185C495}.MobileHost|iPhone.Build.0 = MobileHost|Any CPU
		{3E3C39A5-5DAF-4C08-8F38-6B175185C495}.MobileHost|iPhoneSimulator.ActiveCfg = MobileHost|Any CPU
		{3E3C39A5-5DAF-4C08-8F38-6B175185C495}.MobileHost|iPhoneSimulator.Build.0 = MobileHost|Any CPU
		{3E3C39A5-5DAF-4C08-8F38-6B175185C495}.MobileHost|x64.ActiveCfg = MobileHost|Any CPU
		{3E3C39A5-5DAF-4C08-8F38-6B175185C495}.MobileHost|x64.Build.0 = MobileHost|Any CPU
		{3E3C39A5-5DAF-4C08-8F38-6B175185C495}.Release|Any CPU.ActiveCfg = Release|Any CPU
		{3E3C39A5-5DAF-4C08-8F38-6B175185C495}.Release|Any CPU.Build.0 = Release|Any CPU
		{3E3C39A5-5DAF-4C08-8F38-6B175185C495}.Release|iPhone.ActiveCfg = Release|Any CPU
		{3E3C39A5-5DAF-4C08-8F38-6B175185C495}.Release|iPhone.Build.0 = Release|Any CPU
		{3E3C39A5-5DAF-4C08-8F38-6B175185C495}.Release|iPhoneSimulator.ActiveCfg = Release|Any CPU
		{3E3C39A5-5DAF-4C08-8F38-6B175185C495}.Release|iPhoneSimulator.Build.0 = Release|Any CPU
		{3E3C39A5-5DAF-4C08-8F38-6B175185C495}.Release|x64.ActiveCfg = Release|Any CPU
		{3E3C39A5-5DAF-4C08-8F38-6B175185C495}.Release|x64.Build.0 = Release|Any CPU
		{AA8C0FA8-6626-4159-AF9B-F48E85E81F0E}.Debug|Any CPU.ActiveCfg = Debug|Any CPU
		{AA8C0FA8-6626-4159-AF9B-F48E85E81F0E}.Debug|Any CPU.Build.0 = Debug|Any CPU
		{AA8C0FA8-6626-4159-AF9B-F48E85E81F0E}.Debug|Any CPU.Deploy.0 = Debug|Any CPU
		{AA8C0FA8-6626-4159-AF9B-F48E85E81F0E}.Debug|iPhone.ActiveCfg = Debug|Any CPU
		{AA8C0FA8-6626-4159-AF9B-F48E85E81F0E}.Debug|iPhone.Build.0 = Debug|Any CPU
		{AA8C0FA8-6626-4159-AF9B-F48E85E81F0E}.Debug|iPhone.Deploy.0 = Debug|Any CPU
		{AA8C0FA8-6626-4159-AF9B-F48E85E81F0E}.Debug|iPhoneSimulator.ActiveCfg = Debug|Any CPU
		{AA8C0FA8-6626-4159-AF9B-F48E85E81F0E}.Debug|iPhoneSimulator.Build.0 = Debug|Any CPU
		{AA8C0FA8-6626-4159-AF9B-F48E85E81F0E}.Debug|iPhoneSimulator.Deploy.0 = Debug|Any CPU
		{AA8C0FA8-6626-4159-AF9B-F48E85E81F0E}.Debug|x64.ActiveCfg = Debug|Any CPU
		{AA8C0FA8-6626-4159-AF9B-F48E85E81F0E}.Debug|x64.Build.0 = Debug|Any CPU
		{AA8C0FA8-6626-4159-AF9B-F48E85E81F0E}.Debug|x64.Deploy.0 = Debug|Any CPU
		{AA8C0FA8-6626-4159-AF9B-F48E85E81F0E}.MobileHost|Any CPU.ActiveCfg = MobileHost|Any CPU
		{AA8C0FA8-6626-4159-AF9B-F48E85E81F0E}.MobileHost|Any CPU.Build.0 = MobileHost|Any CPU
		{AA8C0FA8-6626-4159-AF9B-F48E85E81F0E}.MobileHost|Any CPU.Deploy.0 = MobileHost|Any CPU
		{AA8C0FA8-6626-4159-AF9B-F48E85E81F0E}.MobileHost|iPhone.ActiveCfg = MobileHost|Any CPU
		{AA8C0FA8-6626-4159-AF9B-F48E85E81F0E}.MobileHost|iPhone.Build.0 = MobileHost|Any CPU
		{AA8C0FA8-6626-4159-AF9B-F48E85E81F0E}.MobileHost|iPhone.Deploy.0 = MobileHost|Any CPU
		{AA8C0FA8-6626-4159-AF9B-F48E85E81F0E}.MobileHost|iPhoneSimulator.ActiveCfg = MobileHost|Any CPU
		{AA8C0FA8-6626-4159-AF9B-F48E85E81F0E}.MobileHost|iPhoneSimulator.Build.0 = MobileHost|Any CPU
		{AA8C0FA8-6626-4159-AF9B-F48E85E81F0E}.MobileHost|iPhoneSimulator.Deploy.0 = MobileHost|Any CPU
		{AA8C0FA8-6626-4159-AF9B-F48E85E81F0E}.MobileHost|x64.ActiveCfg = MobileHost|Any CPU
		{AA8C0FA8-6626-4159-AF9B-F48E85E81F0E}.MobileHost|x64.Build.0 = MobileHost|Any CPU
		{AA8C0FA8-6626-4159-AF9B-F48E85E81F0E}.MobileHost|x64.Deploy.0 = MobileHost|Any CPU
		{AA8C0FA8-6626-4159-AF9B-F48E85E81F0E}.Release|Any CPU.ActiveCfg = Release|Any CPU
		{AA8C0FA8-6626-4159-AF9B-F48E85E81F0E}.Release|Any CPU.Build.0 = Release|Any CPU
		{AA8C0FA8-6626-4159-AF9B-F48E85E81F0E}.Release|Any CPU.Deploy.0 = Release|Any CPU
		{AA8C0FA8-6626-4159-AF9B-F48E85E81F0E}.Release|iPhone.ActiveCfg = Release|Any CPU
		{AA8C0FA8-6626-4159-AF9B-F48E85E81F0E}.Release|iPhone.Build.0 = Release|Any CPU
		{AA8C0FA8-6626-4159-AF9B-F48E85E81F0E}.Release|iPhone.Deploy.0 = Release|Any CPU
		{AA8C0FA8-6626-4159-AF9B-F48E85E81F0E}.Release|iPhoneSimulator.ActiveCfg = Release|Any CPU
		{AA8C0FA8-6626-4159-AF9B-F48E85E81F0E}.Release|iPhoneSimulator.Build.0 = Release|Any CPU
		{AA8C0FA8-6626-4159-AF9B-F48E85E81F0E}.Release|iPhoneSimulator.Deploy.0 = Release|Any CPU
		{AA8C0FA8-6626-4159-AF9B-F48E85E81F0E}.Release|x64.ActiveCfg = Release|Any CPU
		{AA8C0FA8-6626-4159-AF9B-F48E85E81F0E}.Release|x64.Build.0 = Release|Any CPU
		{AA8C0FA8-6626-4159-AF9B-F48E85E81F0E}.Release|x64.Deploy.0 = Release|Any CPU
		{5D123390-7F0F-472D-9A8D-C5A3A1243E33}.Debug|Any CPU.ActiveCfg = Debug|iPhone
		{5D123390-7F0F-472D-9A8D-C5A3A1243E33}.Debug|iPhone.ActiveCfg = Debug|iPhone
		{5D123390-7F0F-472D-9A8D-C5A3A1243E33}.Debug|iPhone.Build.0 = Debug|iPhone
		{5D123390-7F0F-472D-9A8D-C5A3A1243E33}.Debug|iPhoneSimulator.ActiveCfg = Debug|iPhoneSimulator
		{5D123390-7F0F-472D-9A8D-C5A3A1243E33}.Debug|iPhoneSimulator.Build.0 = Debug|iPhoneSimulator
		{5D123390-7F0F-472D-9A8D-C5A3A1243E33}.Debug|x64.ActiveCfg = Debug|iPhone
		{5D123390-7F0F-472D-9A8D-C5A3A1243E33}.MobileHost|Any CPU.ActiveCfg = MobileHost|iPhone
		{5D123390-7F0F-472D-9A8D-C5A3A1243E33}.MobileHost|iPhone.ActiveCfg = MobileHost|iPhone
		{5D123390-7F0F-472D-9A8D-C5A3A1243E33}.MobileHost|iPhone.Build.0 = MobileHost|iPhone
		{5D123390-7F0F-472D-9A8D-C5A3A1243E33}.MobileHost|iPhoneSimulator.ActiveCfg = MobileHost|iPhoneSimulator
		{5D123390-7F0F-472D-9A8D-C5A3A1243E33}.MobileHost|iPhoneSimulator.Build.0 = MobileHost|iPhoneSimulator
		{5D123390-7F0F-472D-9A8D-C5A3A1243E33}.MobileHost|x64.ActiveCfg = MobileHost|iPhone
		{5D123390-7F0F-472D-9A8D-C5A3A1243E33}.Release|Any CPU.ActiveCfg = Release|iPhone
		{5D123390-7F0F-472D-9A8D-C5A3A1243E33}.Release|iPhone.ActiveCfg = Release|iPhone
		{5D123390-7F0F-472D-9A8D-C5A3A1243E33}.Release|iPhone.Build.0 = Release|iPhone
		{5D123390-7F0F-472D-9A8D-C5A3A1243E33}.Release|iPhoneSimulator.ActiveCfg = Release|iPhoneSimulator
		{5D123390-7F0F-472D-9A8D-C5A3A1243E33}.Release|iPhoneSimulator.Build.0 = Release|iPhoneSimulator
		{5D123390-7F0F-472D-9A8D-C5A3A1243E33}.Release|x64.ActiveCfg = Release|iPhone
		{FD006F27-5CA5-482C-9571-98B75DE5E606}.Debug|Any CPU.ActiveCfg = Debug|Any CPU
		{FD006F27-5CA5-482C-9571-98B75DE5E606}.Debug|Any CPU.Build.0 = Debug|Any CPU
		{FD006F27-5CA5-482C-9571-98B75DE5E606}.Debug|iPhone.ActiveCfg = Debug|Any CPU
		{FD006F27-5CA5-482C-9571-98B75DE5E606}.Debug|iPhone.Build.0 = Debug|Any CPU
		{FD006F27-5CA5-482C-9571-98B75DE5E606}.Debug|iPhoneSimulator.ActiveCfg = Debug|Any CPU
		{FD006F27-5CA5-482C-9571-98B75DE5E606}.Debug|iPhoneSimulator.Build.0 = Debug|Any CPU
		{FD006F27-5CA5-482C-9571-98B75DE5E606}.Debug|x64.ActiveCfg = Debug|Any CPU
		{FD006F27-5CA5-482C-9571-98B75DE5E606}.Debug|x64.Build.0 = Debug|Any CPU
		{FD006F27-5CA5-482C-9571-98B75DE5E606}.MobileHost|Any CPU.ActiveCfg = MobileHost|Any CPU
		{FD006F27-5CA5-482C-9571-98B75DE5E606}.MobileHost|Any CPU.Build.0 = MobileHost|Any CPU
		{FD006F27-5CA5-482C-9571-98B75DE5E606}.MobileHost|iPhone.ActiveCfg = MobileHost|Any CPU
		{FD006F27-5CA5-482C-9571-98B75DE5E606}.MobileHost|iPhone.Build.0 = MobileHost|Any CPU
		{FD006F27-5CA5-482C-9571-98B75DE5E606}.MobileHost|iPhoneSimulator.ActiveCfg = MobileHost|Any CPU
		{FD006F27-5CA5-482C-9571-98B75DE5E606}.MobileHost|iPhoneSimulator.Build.0 = MobileHost|Any CPU
		{FD006F27-5CA5-482C-9571-98B75DE5E606}.MobileHost|x64.ActiveCfg = MobileHost|Any CPU
		{FD006F27-5CA5-482C-9571-98B75DE5E606}.MobileHost|x64.Build.0 = MobileHost|Any CPU
		{FD006F27-5CA5-482C-9571-98B75DE5E606}.Release|Any CPU.ActiveCfg = Release|Any CPU
		{FD006F27-5CA5-482C-9571-98B75DE5E606}.Release|Any CPU.Build.0 = Release|Any CPU
		{FD006F27-5CA5-482C-9571-98B75DE5E606}.Release|iPhone.ActiveCfg = Release|Any CPU
		{FD006F27-5CA5-482C-9571-98B75DE5E606}.Release|iPhone.Build.0 = Release|Any CPU
		{FD006F27-5CA5-482C-9571-98B75DE5E606}.Release|iPhoneSimulator.ActiveCfg = Release|Any CPU
		{FD006F27-5CA5-482C-9571-98B75DE5E606}.Release|iPhoneSimulator.Build.0 = Release|Any CPU
		{FD006F27-5CA5-482C-9571-98B75DE5E606}.Release|x64.ActiveCfg = Release|Any CPU
		{FD006F27-5CA5-482C-9571-98B75DE5E606}.Release|x64.Build.0 = Release|Any CPU
		{E5D75B3C-97E6-431F-A863-9244132E0F60}.Debug|Any CPU.ActiveCfg = Debug|Any CPU
		{E5D75B3C-97E6-431F-A863-9244132E0F60}.Debug|Any CPU.Build.0 = Debug|Any CPU
		{E5D75B3C-97E6-431F-A863-9244132E0F60}.Debug|iPhone.ActiveCfg = Debug|Any CPU
		{E5D75B3C-97E6-431F-A863-9244132E0F60}.Debug|iPhone.Build.0 = Debug|Any CPU
		{E5D75B3C-97E6-431F-A863-9244132E0F60}.Debug|iPhoneSimulator.ActiveCfg = Debug|Any CPU
		{E5D75B3C-97E6-431F-A863-9244132E0F60}.Debug|iPhoneSimulator.Build.0 = Debug|Any CPU
		{E5D75B3C-97E6-431F-A863-9244132E0F60}.Debug|x64.ActiveCfg = Debug|Any CPU
		{E5D75B3C-97E6-431F-A863-9244132E0F60}.Debug|x64.Build.0 = Debug|Any CPU
		{E5D75B3C-97E6-431F-A863-9244132E0F60}.MobileHost|Any CPU.ActiveCfg = MobileHost|Any CPU
		{E5D75B3C-97E6-431F-A863-9244132E0F60}.MobileHost|Any CPU.Build.0 = MobileHost|Any CPU
		{E5D75B3C-97E6-431F-A863-9244132E0F60}.MobileHost|iPhone.ActiveCfg = MobileHost|Any CPU
		{E5D75B3C-97E6-431F-A863-9244132E0F60}.MobileHost|iPhone.Build.0 = MobileHost|Any CPU
		{E5D75B3C-97E6-431F-A863-9244132E0F60}.MobileHost|iPhoneSimulator.ActiveCfg = MobileHost|Any CPU
		{E5D75B3C-97E6-431F-A863-9244132E0F60}.MobileHost|iPhoneSimulator.Build.0 = MobileHost|Any CPU
		{E5D75B3C-97E6-431F-A863-9244132E0F60}.MobileHost|x64.ActiveCfg = MobileHost|Any CPU
		{E5D75B3C-97E6-431F-A863-9244132E0F60}.MobileHost|x64.Build.0 = MobileHost|Any CPU
		{E5D75B3C-97E6-431F-A863-9244132E0F60}.Release|Any CPU.ActiveCfg = Release|Any CPU
		{E5D75B3C-97E6-431F-A863-9244132E0F60}.Release|Any CPU.Build.0 = Release|Any CPU
		{E5D75B3C-97E6-431F-A863-9244132E0F60}.Release|iPhone.ActiveCfg = Release|Any CPU
		{E5D75B3C-97E6-431F-A863-9244132E0F60}.Release|iPhone.Build.0 = Release|Any CPU
		{E5D75B3C-97E6-431F-A863-9244132E0F60}.Release|iPhoneSimulator.ActiveCfg = Release|Any CPU
		{E5D75B3C-97E6-431F-A863-9244132E0F60}.Release|iPhoneSimulator.Build.0 = Release|Any CPU
		{E5D75B3C-97E6-431F-A863-9244132E0F60}.Release|x64.ActiveCfg = Release|Any CPU
		{E5D75B3C-97E6-431F-A863-9244132E0F60}.Release|x64.Build.0 = Release|Any CPU
		{2B139C52-DFDB-4F5B-BE46-F9DA8DD3A5F7}.Debug|Any CPU.ActiveCfg = Debug|Any CPU
		{2B139C52-DFDB-4F5B-BE46-F9DA8DD3A5F7}.Debug|Any CPU.Build.0 = Debug|Any CPU
		{2B139C52-DFDB-4F5B-BE46-F9DA8DD3A5F7}.Debug|Any CPU.Deploy.0 = Debug|Any CPU
		{2B139C52-DFDB-4F5B-BE46-F9DA8DD3A5F7}.Debug|iPhone.ActiveCfg = Debug|Any CPU
		{2B139C52-DFDB-4F5B-BE46-F9DA8DD3A5F7}.Debug|iPhone.Build.0 = Debug|Any CPU
		{2B139C52-DFDB-4F5B-BE46-F9DA8DD3A5F7}.Debug|iPhone.Deploy.0 = Debug|Any CPU
		{2B139C52-DFDB-4F5B-BE46-F9DA8DD3A5F7}.Debug|iPhoneSimulator.ActiveCfg = Debug|Any CPU
		{2B139C52-DFDB-4F5B-BE46-F9DA8DD3A5F7}.Debug|iPhoneSimulator.Build.0 = Debug|Any CPU
		{2B139C52-DFDB-4F5B-BE46-F9DA8DD3A5F7}.Debug|iPhoneSimulator.Deploy.0 = Debug|Any CPU
		{2B139C52-DFDB-4F5B-BE46-F9DA8DD3A5F7}.Debug|x64.ActiveCfg = Debug|Any CPU
		{2B139C52-DFDB-4F5B-BE46-F9DA8DD3A5F7}.Debug|x64.Build.0 = Debug|Any CPU
		{2B139C52-DFDB-4F5B-BE46-F9DA8DD3A5F7}.Debug|x64.Deploy.0 = Debug|Any CPU
		{2B139C52-DFDB-4F5B-BE46-F9DA8DD3A5F7}.MobileHost|Any CPU.ActiveCfg = Release|Any CPU
		{2B139C52-DFDB-4F5B-BE46-F9DA8DD3A5F7}.MobileHost|Any CPU.Build.0 = Release|Any CPU
		{2B139C52-DFDB-4F5B-BE46-F9DA8DD3A5F7}.MobileHost|Any CPU.Deploy.0 = Release|Any CPU
		{2B139C52-DFDB-4F5B-BE46-F9DA8DD3A5F7}.MobileHost|iPhone.ActiveCfg = Release|Any CPU
		{2B139C52-DFDB-4F5B-BE46-F9DA8DD3A5F7}.MobileHost|iPhone.Build.0 = Release|Any CPU
		{2B139C52-DFDB-4F5B-BE46-F9DA8DD3A5F7}.MobileHost|iPhone.Deploy.0 = Release|Any CPU
		{2B139C52-DFDB-4F5B-BE46-F9DA8DD3A5F7}.MobileHost|iPhoneSimulator.ActiveCfg = Release|Any CPU
		{2B139C52-DFDB-4F5B-BE46-F9DA8DD3A5F7}.MobileHost|iPhoneSimulator.Build.0 = Release|Any CPU
		{2B139C52-DFDB-4F5B-BE46-F9DA8DD3A5F7}.MobileHost|iPhoneSimulator.Deploy.0 = Release|Any CPU
		{2B139C52-DFDB-4F5B-BE46-F9DA8DD3A5F7}.MobileHost|x64.ActiveCfg = Release|Any CPU
		{2B139C52-DFDB-4F5B-BE46-F9DA8DD3A5F7}.MobileHost|x64.Build.0 = Release|Any CPU
		{2B139C52-DFDB-4F5B-BE46-F9DA8DD3A5F7}.MobileHost|x64.Deploy.0 = Release|Any CPU
		{2B139C52-DFDB-4F5B-BE46-F9DA8DD3A5F7}.Release|Any CPU.ActiveCfg = Release|Any CPU
		{2B139C52-DFDB-4F5B-BE46-F9DA8DD3A5F7}.Release|Any CPU.Build.0 = Release|Any CPU
		{2B139C52-DFDB-4F5B-BE46-F9DA8DD3A5F7}.Release|Any CPU.Deploy.0 = Release|Any CPU
		{2B139C52-DFDB-4F5B-BE46-F9DA8DD3A5F7}.Release|iPhone.ActiveCfg = Release|Any CPU
		{2B139C52-DFDB-4F5B-BE46-F9DA8DD3A5F7}.Release|iPhone.Build.0 = Release|Any CPU
		{2B139C52-DFDB-4F5B-BE46-F9DA8DD3A5F7}.Release|iPhone.Deploy.0 = Release|Any CPU
		{2B139C52-DFDB-4F5B-BE46-F9DA8DD3A5F7}.Release|iPhoneSimulator.ActiveCfg = Release|Any CPU
		{2B139C52-DFDB-4F5B-BE46-F9DA8DD3A5F7}.Release|iPhoneSimulator.Build.0 = Release|Any CPU
		{2B139C52-DFDB-4F5B-BE46-F9DA8DD3A5F7}.Release|iPhoneSimulator.Deploy.0 = Release|Any CPU
		{2B139C52-DFDB-4F5B-BE46-F9DA8DD3A5F7}.Release|x64.ActiveCfg = Release|Any CPU
		{2B139C52-DFDB-4F5B-BE46-F9DA8DD3A5F7}.Release|x64.Build.0 = Release|Any CPU
		{2B139C52-DFDB-4F5B-BE46-F9DA8DD3A5F7}.Release|x64.Deploy.0 = Release|Any CPU
		{8486E7AF-0383-4D08-9DBF-9B8B75A9045C}.Debug|Any CPU.ActiveCfg = Debug|iPhone
		{8486E7AF-0383-4D08-9DBF-9B8B75A9045C}.Debug|iPhone.ActiveCfg = Debug|iPhone
		{8486E7AF-0383-4D08-9DBF-9B8B75A9045C}.Debug|iPhone.Build.0 = Debug|iPhone
		{8486E7AF-0383-4D08-9DBF-9B8B75A9045C}.Debug|iPhoneSimulator.ActiveCfg = Debug|iPhoneSimulator
		{8486E7AF-0383-4D08-9DBF-9B8B75A9045C}.Debug|iPhoneSimulator.Build.0 = Debug|iPhoneSimulator
		{8486E7AF-0383-4D08-9DBF-9B8B75A9045C}.Debug|x64.ActiveCfg = Debug|iPhone
		{8486E7AF-0383-4D08-9DBF-9B8B75A9045C}.MobileHost|Any CPU.ActiveCfg = Release|iPhone
		{8486E7AF-0383-4D08-9DBF-9B8B75A9045C}.MobileHost|Any CPU.Build.0 = Release|iPhone
		{8486E7AF-0383-4D08-9DBF-9B8B75A9045C}.MobileHost|iPhone.ActiveCfg = Release|iPhone
		{8486E7AF-0383-4D08-9DBF-9B8B75A9045C}.MobileHost|iPhone.Build.0 = Release|iPhone
		{8486E7AF-0383-4D08-9DBF-9B8B75A9045C}.MobileHost|iPhoneSimulator.ActiveCfg = Release|iPhoneSimulator
		{8486E7AF-0383-4D08-9DBF-9B8B75A9045C}.MobileHost|iPhoneSimulator.Build.0 = Release|iPhoneSimulator
		{8486E7AF-0383-4D08-9DBF-9B8B75A9045C}.MobileHost|x64.ActiveCfg = Release|iPhone
		{8486E7AF-0383-4D08-9DBF-9B8B75A9045C}.MobileHost|x64.Build.0 = Release|iPhone
		{8486E7AF-0383-4D08-9DBF-9B8B75A9045C}.Release|Any CPU.ActiveCfg = Release|iPhone
		{8486E7AF-0383-4D08-9DBF-9B8B75A9045C}.Release|iPhone.ActiveCfg = Release|iPhone
		{8486E7AF-0383-4D08-9DBF-9B8B75A9045C}.Release|iPhone.Build.0 = Release|iPhone
		{8486E7AF-0383-4D08-9DBF-9B8B75A9045C}.Release|iPhoneSimulator.ActiveCfg = Release|iPhoneSimulator
		{8486E7AF-0383-4D08-9DBF-9B8B75A9045C}.Release|iPhoneSimulator.Build.0 = Release|iPhoneSimulator
		{8486E7AF-0383-4D08-9DBF-9B8B75A9045C}.Release|x64.ActiveCfg = Release|iPhone
		{0AD4861F-2750-4FF0-96E4-9BF5CCAB1C1C}.Debug|Any CPU.ActiveCfg = Debug|Any CPU
		{0AD4861F-2750-4FF0-96E4-9BF5CCAB1C1C}.Debug|Any CPU.Build.0 = Debug|Any CPU
		{0AD4861F-2750-4FF0-96E4-9BF5CCAB1C1C}.Debug|iPhone.ActiveCfg = Debug|Any CPU
		{0AD4861F-2750-4FF0-96E4-9BF5CCAB1C1C}.Debug|iPhone.Build.0 = Debug|Any CPU
		{0AD4861F-2750-4FF0-96E4-9BF5CCAB1C1C}.Debug|iPhoneSimulator.ActiveCfg = Debug|Any CPU
		{0AD4861F-2750-4FF0-96E4-9BF5CCAB1C1C}.Debug|iPhoneSimulator.Build.0 = Debug|Any CPU
		{0AD4861F-2750-4FF0-96E4-9BF5CCAB1C1C}.Debug|x64.ActiveCfg = Debug|Any CPU
		{0AD4861F-2750-4FF0-96E4-9BF5CCAB1C1C}.Debug|x64.Build.0 = Debug|Any CPU
		{0AD4861F-2750-4FF0-96E4-9BF5CCAB1C1C}.MobileHost|Any CPU.ActiveCfg = Debug|Any CPU
		{0AD4861F-2750-4FF0-96E4-9BF5CCAB1C1C}.MobileHost|Any CPU.Build.0 = Debug|Any CPU
		{0AD4861F-2750-4FF0-96E4-9BF5CCAB1C1C}.MobileHost|iPhone.ActiveCfg = Debug|Any CPU
		{0AD4861F-2750-4FF0-96E4-9BF5CCAB1C1C}.MobileHost|iPhone.Build.0 = Debug|Any CPU
		{0AD4861F-2750-4FF0-96E4-9BF5CCAB1C1C}.MobileHost|iPhoneSimulator.ActiveCfg = Debug|Any CPU
		{0AD4861F-2750-4FF0-96E4-9BF5CCAB1C1C}.MobileHost|iPhoneSimulator.Build.0 = Debug|Any CPU
		{0AD4861F-2750-4FF0-96E4-9BF5CCAB1C1C}.MobileHost|x64.ActiveCfg = Debug|Any CPU
		{0AD4861F-2750-4FF0-96E4-9BF5CCAB1C1C}.MobileHost|x64.Build.0 = Debug|Any CPU
		{0AD4861F-2750-4FF0-96E4-9BF5CCAB1C1C}.Release|Any CPU.ActiveCfg = Release|Any CPU
		{0AD4861F-2750-4FF0-96E4-9BF5CCAB1C1C}.Release|Any CPU.Build.0 = Release|Any CPU
		{0AD4861F-2750-4FF0-96E4-9BF5CCAB1C1C}.Release|iPhone.ActiveCfg = Release|Any CPU
		{0AD4861F-2750-4FF0-96E4-9BF5CCAB1C1C}.Release|iPhone.Build.0 = Release|Any CPU
		{0AD4861F-2750-4FF0-96E4-9BF5CCAB1C1C}.Release|iPhoneSimulator.ActiveCfg = Release|Any CPU
		{0AD4861F-2750-4FF0-96E4-9BF5CCAB1C1C}.Release|iPhoneSimulator.Build.0 = Release|Any CPU
		{0AD4861F-2750-4FF0-96E4-9BF5CCAB1C1C}.Release|x64.ActiveCfg = Release|Any CPU
		{0AD4861F-2750-4FF0-96E4-9BF5CCAB1C1C}.Release|x64.Build.0 = Release|Any CPU
	EndGlobalSection
	GlobalSection(SolutionProperties) = preSolution
		HideSolutionNode = FALSE
	EndGlobalSection
	GlobalSection(ExtensibilityGlobals) = postSolution
		SolutionGuid = {0A6EF23F-5954-482E-8893-5B69FDCADB58}
	EndGlobalSection
EndGlobal
